
Microsoft Visual Studio Solution File, Format Version 12.00
# Visual Studio Version 17
VisualStudioVersion = 17.0.31912.275
MinimumVisualStudioVersion = 10.0.40219.1
Project("{FAE04EC0-301F-11D3-BF4B-00C04F79EFBC}") = "laba_kvakva", "laba_kvakva\laba_kvakva.csproj", "{14E93416-57C8-4170-9038-738DB4DEE44A}"
EndProject
Global
	GlobalSection(SolutionConfigurationPlatforms) = preSolution
		Debug|Any CPU = Debug|Any CPU
		Release|Any CPU = Release|Any CPU
	EndGlobalSection
	GlobalSection(ProjectConfigurationPlatforms) = postSolution
		{14E93416-57C8-4170-9038-738DB4DEE44A}.Debug|Any CPU.ActiveCfg = Debug|Any CPU
		{14E93416-57C8-4170-9038-738DB4DEE44A}.Debug|Any CPU.Build.0 = Debug|Any CPU
		{14E93416-57C8-4170-9038-738DB4DEE44A}.Release|Any CPU.ActiveCfg = Release|Any CPU
		{14E93416-57C8-4170-9038-738DB4DEE44A}.Release|Any CPU.Build.0 = Release|Any CPU
	EndGlobalSection
	GlobalSection(SolutionProperties) = preSolution
		HideSolutionNode = FALSE
	EndGlobalSection
	GlobalSection(ExtensibilityGlobals) = postSolution
		SolutionGuid = {52A27EEF-664F-4B1C-8B5B-CF1B0F5D4A89}
	EndGlobalSection
EndGlobal
